
Microsoft Visual Studio Solution File, Format Version 12.00
# Visual Studio Version 16
VisualStudioVersion = 16.0.30611.23
MinimumVisualStudioVersion = 10.0.40219.1
Project("{FAE04EC0-301F-11D3-BF4B-00C04F79EFBC}") = "Task3_Lab8", "Task3_Lab8\Task3_Lab8.csproj", "{DB949E0B-580D-4534-AD6E-F8DDB4F7502C}"
EndProject
Global
	GlobalSection(SolutionConfigurationPlatforms) = preSolution
		Debug|Any CPU = Debug|Any CPU
		Release|Any CPU = Release|Any CPU
	EndGlobalSection
	GlobalSection(ProjectConfigurationPlatforms) = postSolution
		{DB949E0B-580D-4534-AD6E-F8DDB4F7502C}.Debug|Any CPU.ActiveCfg = Debug|Any CPU
		{DB949E0B-580D-4534-AD6E-F8DDB4F7502C}.Debug|Any CPU.Build.0 = Debug|Any CPU
		{DB949E0B-580D-4534-AD6E-F8DDB4F7502C}.Release|Any CPU.ActiveCfg = Release|Any CPU
		{DB949E0B-580D-4534-AD6E-F8DDB4F7502C}.Release|Any CPU.Build.0 = Release|Any CPU
	EndGlobalSection
	GlobalSection(SolutionProperties) = preSolution
		HideSolutionNode = FALSE
	EndGlobalSection
	GlobalSection(ExtensibilityGlobals) = postSolution
		SolutionGuid = {F8E82012-47FD-4EA2-A69B-1F034A992978}
	EndGlobalSection
EndGlobal
